
Microsoft Visual Studio Solution File, Format Version 12.00
# Visual Studio Version 17
VisualStudioVersion = 17.5.002.0
MinimumVisualStudioVersion = 10.0.40219.1
Project("{9A19103F-16F7-4668-BE54-9A1E7A4F7556}") = "socketTesting", "Wirelink\socketTesting.csproj", "{8FD3F584-DF25-49B3-AD03-328C1B4010F9}"
EndProject
Global
	GlobalSection(SolutionConfigurationPlatforms) = preSolution
		Debug|Any CPU = Debug|Any CPU
		Release|Any CPU = Release|Any CPU
	EndGlobalSection
	GlobalSection(ProjectConfigurationPlatforms) = postSolution
		{8FD3F584-DF25-49B3-AD03-328C1B4010F9}.Debug|Any CPU.ActiveCfg = Debug|Any CPU
		{8FD3F584-DF25-49B3-AD03-328C1B4010F9}.Debug|Any CPU.Build.0 = Debug|Any CPU
		{8FD3F584-DF25-49B3-AD03-328C1B4010F9}.Release|Any CPU.ActiveCfg = Release|Any CPU
		{8FD3F584-DF25-49B3-AD03-328C1B4010F9}.Release|Any CPU.Build.0 = Release|Any CPU
	EndGlobalSection
	GlobalSection(SolutionProperties) = preSolution
		HideSolutionNode = FALSE
	EndGlobalSection
	GlobalSection(ExtensibilityGlobals) = postSolution
		SolutionGuid = {4FC77CEC-E463-45FD-9AF2-6278832D7EE8}
	EndGlobalSection
EndGlobal
